
Microsoft Visual Studio Solution File, Format Version 12.00
# Visual Studio Version 17
VisualStudioVersion = 17.14.36408.4 d17.14
MinimumVisualStudioVersion = 10.0.40219.1
Project("{FAE04EC0-301F-11D3-BF4B-00C04F79EFBC}") = "SqlWorkshopLabManager", "SqlWorkshopLabManager\SqlWorkshopLabManager.csproj", "{A236BB78-8A55-3CE1-C39E-C0E5AD58BA48}"
EndProject
Global
	GlobalSection(SolutionConfigurationPlatforms) = preSolution
		Debug|Any CPU = Debug|Any CPU
		Release|Any CPU = Release|Any CPU
	EndGlobalSection
	GlobalSection(ProjectConfigurationPlatforms) = postSolution
		{A236BB78-8A55-3CE1-C39E-C0E5AD58BA48}.Debug|Any CPU.ActiveCfg = Debug|Any CPU
		{A236BB78-8A55-3CE1-C39E-C0E5AD58BA48}.Debug|Any CPU.Build.0 = Debug|Any CPU
		{A236BB78-8A55-3CE1-C39E-C0E5AD58BA48}.Release|Any CPU.ActiveCfg = Release|Any CPU
		{A236BB78-8A55-3CE1-C39E-C0E5AD58BA48}.Release|Any CPU.Build.0 = Release|Any CPU
	EndGlobalSection
	GlobalSection(SolutionProperties) = preSolution
		HideSolutionNode = FALSE
	EndGlobalSection
	GlobalSection(ExtensibilityGlobals) = postSolution
		SolutionGuid = {BDF162FF-07DE-414B-B887-7AB85B741EFF}
	EndGlobalSection
EndGlobal
